Microsoft Visual Studio Solution File, Format Version 12.00
# Visual Studio Version 17
VisualStudioVersion = 17.10.34818.151
MinimumVisualStudioVersion = 10.0.40219.1
Project("{9A19103F-16F7-4668-BE54-9A1E7A4F7556}") = "AspireApp1.AppHost", "Containers\Worker\AspireApp1.AppHost\AspireApp1.AppHost.csproj", "{7EE61A91-231B-42D1-AD31-C6BECBA3C7CB}"
EndProject
Project("{9A19103F-16F7-4668-BE54-9A1E7A4F7556}") = "AspireApp1.ServiceDefaults", "Containers\Worker\AspireApp1.ServiceDefaults\AspireApp1.ServiceDefaults.csproj", "{27986A12-51F1-46F5-9F36-8319C6F1A0E4}"
EndProject
Project("{9A19103F-16F7-4668-BE54-9A1E7A4F7556}") = "AspireApp.MetricsTable.API", "Containers\Worker\AspireApp.MetricsTable.API\AspireApp.MetricsTable.API.csproj", "{69D27F44-B095-463A-B566-B7ADDAC09000}"
EndProject
Project("{9A19103F-16F7-4668-BE54-9A1E7A4F7556}") = "AspireApp.MetricsTable.Shared", "Containers\Worker\AspireApp.MetricsTable.Shared\AspireApp.MetricsTable.Shared.csproj", "{617CCB66-12C3-4E91-805B-5850C04EAC5A}"
EndProject
Project("{9A19103F-16F7-4668-BE54-9A1E7A4F7556}") = "AspireApp.MetricsTable", "Containers\Worker\AspireApp.MetricsTable\AspireApp.MetricsTable\AspireApp.MetricsTable.csproj", "{FE2C6270-E76A-406A-8B1D-D1032DFFE874}"
EndProject
Project("{9A19103F-16F7-4668-BE54-9A1E7A4F7556}") = "AspireApp.MetricsTable.Client", "Containers\Worker\AspireApp.MetricsTable\AspireApp.MetricsTable.Client\AspireApp.MetricsTable.Client.csproj", "{D9B92A04-033C-46FD-9EDF-2E40547776ED}"
EndProject
Global
	GlobalSection(SolutionConfigurationPlatforms) = preSolution
		Debug|Any CPU = Debug|Any CPU
		Release|Any CPU = Release|Any CPU
	EndGlobalSection
	GlobalSection(ProjectConfigurationPlatforms) = postSolution
		{7EE61A91-231B-42D1-AD31-C6BECBA3C7CB}.Debug|Any CPU.ActiveCfg = Debug|Any CPU
		{7EE61A91-231B-42D1-AD31-C6BECBA3C7CB}.Debug|Any CPU.Build.0 = Debug|Any CPU
		{7EE61A91-231B-42D1-AD31-C6BECBA3C7CB}.Release|Any CPU.ActiveCfg = Release|Any CPU
		{7EE61A91-231B-42D1-AD31-C6BECBA3C7CB}.Release|Any CPU.Build.0 = Release|Any CPU
		{27986A12-51F1-46F5-9F36-8319C6F1A0E4}.Debug|Any CPU.ActiveCfg = Debug|Any CPU
		{27986A12-51F1-46F5-9F36-8319C6F1A0E4}.Debug|Any CPU.Build.0 = Debug|Any CPU
		{27986A12-51F1-46F5-9F36-8319C6F1A0E4}.Release|Any CPU.ActiveCfg = Release|Any CPU
		{27986A12-51F1-46F5-9F36-8319C6F1A0E4}.Release|Any CPU.Build.0 = Release|Any CPU
		{69D27F44-B095-463A-B566-B7ADDAC09000}.Debug|Any CPU.ActiveCfg = Debug|Any CPU
		{69D27F44-B095-463A-B566-B7ADDAC09000}.Debug|Any CPU.Build.0 = Debug|Any CPU
		{69D27F44-B095-463A-B566-B7ADDAC09000}.Release|Any CPU.ActiveCfg = Release|Any CPU
		{69D27F44-B095-463A-B566-B7ADDAC09000}.Release|Any CPU.Build.0 = Release|Any CPU
		{617CCB66-12C3-4E91-805B-5850C04EAC5A}.Debug|Any CPU.ActiveCfg = Debug|Any CPU
		{617CCB66-12C3-4E91-805B-5850C04EAC5A}.Debug|Any CPU.Build.0 = Debug|Any CPU
		{617CCB66-12C3-4E91-805B-5850C04EAC5A}.Release|Any CPU.ActiveCfg = Release|Any CPU
		{617CCB66-12C3-4E91-805B-5850C04EAC5A}.Release|Any CPU.Build.0 = Release|Any CPU
		{FE2C6270-E76A-406A-8B1D-D1032DFFE874}.Debug|Any CPU.ActiveCfg = Debug|Any CPU
		{FE2C6270-E76A-406A-8B1D-D1032DFFE874}.Debug|Any CPU.Build.0 = Debug|Any CPU
		{FE2C6270-E76A-406A-8B1D-D1032DFFE874}.Release|Any CPU.ActiveCfg = Release|Any CPU
		{FE2C6270-E76A-406A-8B1D-D1032DFFE874}.Release|Any CPU.Build.0 = Release|Any CPU
		{D9B92A04-033C-46FD-9EDF-2E40547776ED}.Debug|Any CPU.ActiveCfg = Debug|Any CPU
		{D9B92A04-033C-46FD-9EDF-2E40547776ED}.Debug|Any CPU.Build.0 = Debug|Any CPU
		{D9B92A04-033C-46FD-9EDF-2E40547776ED}.Release|Any CPU.ActiveCfg = Release|Any CPU
		{D9B92A04-033C-46FD-9EDF-2E40547776ED}.Release|Any CPU.Build.0 = Release|Any CPU
	EndGlobalSection
	GlobalSection(SolutionProperties) = preSolution
		HideSolutionNode = FALSE
	EndGlobalSection
	GlobalSection(ExtensibilityGlobals) = postSolution
		SolutionGuid = {096D4843-6E2E-4634-82F9-76B5D89C8BE0}
	EndGlobalSection
EndGlobal
